
Microsoft Visual Studio Solution File, Format Version 12.00
# Visual Studio 15
Project("{FAE04EC0-301F-11D3-BF4B-00C04F79EFBC}") = "Assembly-CSharp", "Assembly-CSharp.csproj", "{13D192C9-AF99-CB04-B90C-87E7734316E3}"
EndProject
Project("{FAE04EC0-301F-11D3-BF4B-00C04F79EFBC}") = "Assembly-CSharp-Editor", "Assembly-CSharp-Editor.csproj", "{AEED253D-24F5-BB60-3013-C68A505DD595}"
EndProject
Global
	GlobalSection(SolutionConfigurationPlatforms) = preSolution
		Debug|Any CPU = Debug|Any CPU
		Release|Any CPU = Release|Any CPU
	EndGlobalSection
	GlobalSection(ProjectConfigurationPlatforms) = postSolution
		{13D192C9-AF99-CB04-B90C-87E7734316E3}.Debug|Any CPU.ActiveCfg = Debug|Any CPU
		{13D192C9-AF99-CB04-B90C-87E7734316E3}.Debug|Any CPU.Build.0 = Debug|Any CPU
		{13D192C9-AF99-CB04-B90C-87E7734316E3}.Release|Any CPU.ActiveCfg = Release|Any CPU
		{13D192C9-AF99-CB04-B90C-87E7734316E3}.Release|Any CPU.Build.0 = Release|Any CPU
		{AEED253D-24F5-BB60-3013-C68A505DD595}.Debug|Any CPU.ActiveCfg = Debug|Any CPU
		{AEED253D-24F5-BB60-3013-C68A505DD595}.Debug|Any CPU.Build.0 = Debug|Any CPU
		{AEED253D-24F5-BB60-3013-C68A505DD595}.Release|Any CPU.ActiveCfg = Release|Any CPU
		{AEED253D-24F5-BB60-3013-C68A505DD595}.Release|Any CPU.Build.0 = Release|Any CPU
	EndGlobalSection
	GlobalSection(SolutionProperties) = preSolution
		HideSolutionNode = FALSE
	EndGlobalSection
EndGlobal
